// !$*UTF8*$!
{
	archiveVersion = 1;
	classes = {
	};
	objectVersion = 56;
	objects = {

/* Begin PBXBuildFile section */
		4900A6BD29BAFF4000FFF9A8 /* InitialPresenter.swift in Sources */ = {isa = PBXBuildFile; fileRef = 4900A6BC29BAFF4000FFF9A8 /* InitialPresenter.swift */; };
		4900A6CD29BB138600FFF9A8 /* SignInTextField.swift in Sources */ = {isa = PBXBuildFile; fileRef = 4900A6CA29BB138600FFF9A8 /* SignInTextField.swift */; };
		4900A6CE29BB138600FFF9A8 /* WarningPaddingLabel.swift in Sources */ = {isa = PBXBuildFile; fileRef = 4900A6CB29BB138600FFF9A8 /* WarningPaddingLabel.swift */; };
		4900A6CF29BB138600FFF9A8 /* SignInViewController.swift in Sources */ = {isa = PBXBuildFile; fileRef = 4900A6CC29BB138600FFF9A8 /* SignInViewController.swift */; };
		4900A6D829BB1A7000FFF9A8 /* ModuleBuilder.swift in Sources */ = {isa = PBXBuildFile; fileRef = 4900A6D729BB1A7000FFF9A8 /* ModuleBuilder.swift */; };
		4900A6DB29BB1ABF00FFF9A8 /* InitialViewController.swift in Sources */ = {isa = PBXBuildFile; fileRef = 4900A6DA29BB1ABF00FFF9A8 /* InitialViewController.swift */; };
		4900A6DE29BB247800FFF9A8 /* AppCoordinator.swift in Sources */ = {isa = PBXBuildFile; fileRef = 4900A6DD29BB247800FFF9A8 /* AppCoordinator.swift */; };
		4900A6E529BB333400FFF9A8 /* KeyboardObserver.swift in Sources */ = {isa = PBXBuildFile; fileRef = 4900A6E429BB333400FFF9A8 /* KeyboardObserver.swift */; };
		4900A6E829BB8ECF00FFF9A8 /* UserDefaultsLayer.swift in Sources */ = {isa = PBXBuildFile; fileRef = 4900A6E729BB8ECF00FFF9A8 /* UserDefaultsLayer.swift */; };
		491B35982997DB2300323789 /* AppDelegate.swift in Sources */ = {isa = PBXBuildFile; fileRef = 491B35972997DB2300323789 /* AppDelegate.swift */; };
		491B359A2997DB2300323789 /* SceneDelegate.swift in Sources */ = {isa = PBXBuildFile; fileRef = 491B35992997DB2300323789 /* SceneDelegate.swift */; };
		491B35A12997DB2400323789 /* Assets.xcassets in Resources */ = {isa = PBXBuildFile; fileRef = 491B35A02997DB2400323789 /* Assets.xcassets */; };
		491B35A42997DB2400323789 /* LaunchScreen.storyboard in Resources */ = {isa = PBXBuildFile; fileRef = 491B35A22997DB2400323789 /* LaunchScreen.storyboard */; };
		491B35AF2997DB2400323789 /* SignInTests.swift in Sources */ = {isa = PBXBuildFile; fileRef = 491B35AE2997DB2400323789 /* SignInTests.swift */; };
		491B35B92997DB2400323789 /* GBShopUITests.swift in Sources */ = {isa = PBXBuildFile; fileRef = 491B35B82997DB2400323789 /* GBShopUITests.swift */; };
		491B35BB2997DB2400323789 /* GBShopUITestsLaunchTests.swift in Sources */ = {isa = PBXBuildFile; fileRef = 491B35BA2997DB2400323789 /* GBShopUITestsLaunchTests.swift */; };
		4928AD09299B493D00B665C8 /* LogoutResult.swift in Sources */ = {isa = PBXBuildFile; fileRef = 4928AD08299B493D00B665C8 /* LogoutResult.swift */; };
		4928AD0B299B4A1500B665C8 /* LogoutRequestFactory.swift in Sources */ = {isa = PBXBuildFile; fileRef = 4928AD0A299B4A1500B665C8 /* LogoutRequestFactory.swift */; };
		4928AD0D299B4B2B00B665C8 /* Logout.swift in Sources */ = {isa = PBXBuildFile; fileRef = 4928AD0C299B4B2B00B665C8 /* Logout.swift */; };
		4928AD0F299B4CA000B665C8 /* EditProfileResult.swift in Sources */ = {isa = PBXBuildFile; fileRef = 4928AD0E299B4CA000B665C8 /* EditProfileResult.swift */; };
		4928AD13299B4CF700B665C8 /* ProfileRequestFactory.swift in Sources */ = {isa = PBXBuildFile; fileRef = 4928AD12299B4CF700B665C8 /* ProfileRequestFactory.swift */; };
		4928AD17299B502F00B665C8 /* Profile.swift in Sources */ = {isa = PBXBuildFile; fileRef = 4928AD16299B502F00B665C8 /* Profile.swift */; };
		49437238299DF57F00AA85A3 /* ResponseCodableTests.swift in Sources */ = {isa = PBXBuildFile; fileRef = 49437237299DF57F00AA85A3 /* ResponseCodableTests.swift */; };
		4955637D299A536F00A22FA4 /* AbstractErrorParser.swift in Sources */ = {isa = PBXBuildFile; fileRef = 4955637C299A536F00A22FA4 /* AbstractErrorParser.swift */; };
		4955637F299A538900A22FA4 /* ErrorParser.swift in Sources */ = {isa = PBXBuildFile; fileRef = 4955637E299A538900A22FA4 /* ErrorParser.swift */; };
		49556381299A53C600A22FA4 /* DataRequest.swift in Sources */ = {isa = PBXBuildFile; fileRef = 49556380299A53C600A22FA4 /* DataRequest.swift */; };
		49556385299A5D7500A22FA4 /* AbstractRequestFactory.swift in Sources */ = {isa = PBXBuildFile; fileRef = 49556384299A5D7500A22FA4 /* AbstractRequestFactory.swift */; };
		49556387299A5DAC00A22FA4 /* RequestRouter.swift in Sources */ = {isa = PBXBuildFile; fileRef = 49556386299A5DAC00A22FA4 /* RequestRouter.swift */; };
		4955638B299A60D300A22FA4 /* User.swift in Sources */ = {isa = PBXBuildFile; fileRef = 4955638A299A60D300A22FA4 /* User.swift */; };
		4955638D299A614D00A22FA4 /* SignInResult.swift in Sources */ = {isa = PBXBuildFile; fileRef = 4955638C299A614D00A22FA4 /* SignInResult.swift */; };
		49556398299A696900A22FA4 /* SignInRequestFactory.swift in Sources */ = {isa = PBXBuildFile; fileRef = 49556397299A696900A22FA4 /* SignInRequestFactory.swift */; };
		4955639A299A69B900A22FA4 /* SignIn.swift in Sources */ = {isa = PBXBuildFile; fileRef = 49556399299A69B900A22FA4 /* SignIn.swift */; };
		4955639C299A6A6A00A22FA4 /* RequestFactory.swift in Sources */ = {isa = PBXBuildFile; fileRef = 4955639B299A6A6A00A22FA4 /* RequestFactory.swift */; };
		495EB6F629B7748800DF444E /* SignInPresenter.swift in Sources */ = {isa = PBXBuildFile; fileRef = 495EB6F529B7748800DF444E /* SignInPresenter.swift */; };
		495EB72129B9EDB200DF444E /* SignInViewController+UITextFieldDelegate.swift in Sources */ = {isa = PBXBuildFile; fileRef = 495EB72029B9EDB200DF444E /* SignInViewController+UITextFieldDelegate.swift */; };
		4991448D29A1F2BA00969951 /* CatalogResult.swift in Sources */ = {isa = PBXBuildFile; fileRef = 4991448C29A1F2BA00969951 /* CatalogResult.swift */; };
		4999124B299E14680034015A /* SignUpTests.swift in Sources */ = {isa = PBXBuildFile; fileRef = 4999124A299E14680034015A /* SignUpTests.swift */; };
		4999124F299E18B90034015A /* LogoutTests.swift in Sources */ = {isa = PBXBuildFile; fileRef = 4999124E299E18B90034015A /* LogoutTests.swift */; };
		49991252299E19B20034015A /* EditProfileTests.swift in Sources */ = {isa = PBXBuildFile; fileRef = 49991251299E19B20034015A /* EditProfileTests.swift */; };
		49991260299E221C0034015A /* CatalogRequestFactory.swift in Sources */ = {isa = PBXBuildFile; fileRef = 4999125F299E221C0034015A /* CatalogRequestFactory.swift */; };
		49991262299E227C0034015A /* Catalog.swift in Sources */ = {isa = PBXBuildFile; fileRef = 49991261299E227C0034015A /* Catalog.swift */; };
		49991264299E2DFC0034015A /* CatalogTests.swift in Sources */ = {isa = PBXBuildFile; fileRef = 49991263299E2DFC0034015A /* CatalogTests.swift */; };
		49991266299E318A0034015A /* ProductResult.swift in Sources */ = {isa = PBXBuildFile; fileRef = 49991265299E318A0034015A /* ProductResult.swift */; };
		4999126A299E35B00034015A /* GetProductRequestFactory.swift in Sources */ = {isa = PBXBuildFile; fileRef = 49991269299E35B00034015A /* GetProductRequestFactory.swift */; };
		4999126C299E36010034015A /* GetProduct.swift in Sources */ = {isa = PBXBuildFile; fileRef = 4999126B299E36010034015A /* GetProduct.swift */; };
		49991270299E38070034015A /* ProductTests.swift in Sources */ = {isa = PBXBuildFile; fileRef = 4999126F299E38070034015A /* ProductTests.swift */; };
		49A24B6C29AF2742002E3B1A /* Gender.swift in Sources */ = {isa = PBXBuildFile; fileRef = 49A24B6B29AF2742002E3B1A /* Gender.swift */; };
		49A24B6E29AF2CAA002E3B1A /* EditProfile.swift in Sources */ = {isa = PBXBuildFile; fileRef = 49A24B6D29AF2CAA002E3B1A /* EditProfile.swift */; };
		49A24B7129AF34D7002E3B1A /* Reviews+Extensions.swift in Sources */ = {isa = PBXBuildFile; fileRef = 49A24B7029AF34D7002E3B1A /* Reviews+Extensions.swift */; };
		49ADCC5729AF3B38001108DC /* SignUpUser.swift in Sources */ = {isa = PBXBuildFile; fileRef = 49ADCC5629AF3B38001108DC /* SignUpUser.swift */; };
		49ADCC5929AF3CE9001108DC /* DetailedProduct.swift in Sources */ = {isa = PBXBuildFile; fileRef = 49ADCC5829AF3CE9001108DC /* DetailedProduct.swift */; };
		49ADCC5B29AF3D18001108DC /* Product.swift in Sources */ = {isa = PBXBuildFile; fileRef = 49ADCC5A29AF3D18001108DC /* Product.swift */; };
		49ADCC5F29AFA11C001108DC /* AddProductResult.swift in Sources */ = {isa = PBXBuildFile; fileRef = 49ADCC5E29AFA11C001108DC /* AddProductResult.swift */; };
		49ADCC6129AFA143001108DC /* RemoveProductResult.swift in Sources */ = {isa = PBXBuildFile; fileRef = 49ADCC6029AFA143001108DC /* RemoveProductResult.swift */; };
		49ADCC6329AFA170001108DC /* PayBasketResult.swift in Sources */ = {isa = PBXBuildFile; fileRef = 49ADCC6229AFA170001108DC /* PayBasketResult.swift */; };
		49ADCC6629AFA202001108DC /* BasketRequestFactory.swift in Sources */ = {isa = PBXBuildFile; fileRef = 49ADCC6529AFA202001108DC /* BasketRequestFactory.swift */; };
		49ADCC6829AFA2C2001108DC /* Basket.swift in Sources */ = {isa = PBXBuildFile; fileRef = 49ADCC6729AFA2C2001108DC /* Basket.swift */; };
		49ADCC6A29AFA3DF001108DC /* Basket+Extensions.swift in Sources */ = {isa = PBXBuildFile; fileRef = 49ADCC6929AFA3DF001108DC /* Basket+Extensions.swift */; };
		49ADCC6C29AFAD24001108DC /* AddProductTests.swift in Sources */ = {isa = PBXBuildFile; fileRef = 49ADCC6B29AFAD24001108DC /* AddProductTests.swift */; };
		49ADCC6E29AFAEDB001108DC /* RemoveProductTests.swift in Sources */ = {isa = PBXBuildFile; fileRef = 49ADCC6D29AFAEDB001108DC /* RemoveProductTests.swift */; };
		49ADCC7029AFAF91001108DC /* PayBasketTests.swift in Sources */ = {isa = PBXBuildFile; fileRef = 49ADCC6F29AFAF91001108DC /* PayBasketTests.swift */; };
		49B77862299AA0F500597F11 /* UniqueID.swift in Sources */ = {isa = PBXBuildFile; fileRef = 49B77861299AA0F500597F11 /* UniqueID.swift */; };
		49B77868299AA5EF00597F11 /* SignUpResult.swift in Sources */ = {isa = PBXBuildFile; fileRef = 49B77867299AA5EF00597F11 /* SignUpResult.swift */; };
		49B7787A299AAA8F00597F11 /* SignUpRequestFactory.swift in Sources */ = {isa = PBXBuildFile; fileRef = 49B77879299AAA8F00597F11 /* SignUpRequestFactory.swift */; };
		49B7787C299AAADA00597F11 /* SignUp.swift in Sources */ = {isa = PBXBuildFile; fileRef = 49B7787B299AAADA00597F11 /* SignUp.swift */; };
		49D0285F29ABB14600715F08 /* Review.swift in Sources */ = {isa = PBXBuildFile; fileRef = 49D0285E29ABB14600715F08 /* Review.swift */; };
		49D0286129ABB20600715F08 /* ReviewsResult.swift in Sources */ = {isa = PBXBuildFile; fileRef = 49D0286029ABB20600715F08 /* ReviewsResult.swift */; };
		49D0286429ABB30800715F08 /* ReviewsRequestFactory.swift in Sources */ = {isa = PBXBuildFile; fileRef = 49D0286329ABB30800715F08 /* ReviewsRequestFactory.swift */; };
		49D0286629ABB38B00715F08 /* Reviews.swift in Sources */ = {isa = PBXBuildFile; fileRef = 49D0286529ABB38B00715F08 /* Reviews.swift */; };
		49D0286829AC7F3100715F08 /* AddReviewResult.swift in Sources */ = {isa = PBXBuildFile; fileRef = 49D0286729AC7F3100715F08 /* AddReviewResult.swift */; };
		49D0287229AC86E900715F08 /* ApproveReviewResult.swift in Sources */ = {isa = PBXBuildFile; fileRef = 49D0287129AC86E900715F08 /* ApproveReviewResult.swift */; };
		49D0287E29AC89B200715F08 /* RemoveReviewResult.swift in Sources */ = {isa = PBXBuildFile; fileRef = 49D0287D29AC89B200715F08 /* RemoveReviewResult.swift */; };
		49D0288A29AC92B100715F08 /* ReviewsTests.swift in Sources */ = {isa = PBXBuildFile; fileRef = 49D0288929AC92B100715F08 /* ReviewsTests.swift */; };
		49D0288C29AC92DE00715F08 /* AddReviewTests.swift in Sources */ = {isa = PBXBuildFile; fileRef = 49D0288B29AC92DE00715F08 /* AddReviewTests.swift */; };
		49D0288E29AC957700715F08 /* ApproveReviewTests.swift in Sources */ = {isa = PBXBuildFile; fileRef = 49D0288D29AC957700715F08 /* ApproveReviewTests.swift */; };
		49D0289029AC973900715F08 /* RemoveReviewTests.swift in Sources */ = {isa = PBXBuildFile; fileRef = 49D0288F29AC973900715F08 /* RemoveReviewTests.swift */; };
		49DC253529BB99D60095290D /* UserDataStorageService.swift in Sources */ = {isa = PBXBuildFile; fileRef = 49DC253429BB99D60095290D /* UserDataStorageService.swift */; };
		D0ADFA0639C4A554631362D0 /* Pods_GBShop.framework in Frameworks */ = {isa = PBXBuildFile; fileRef = 651030857E73926EFCE8B55D /* Pods_GBShop.framework */; };
		DA87668F219EDCEDE8B76805 /* Pods_GBShopTests.framework in Frameworks */ = {isa = PBXBuildFile; fileRef = 027FD96B06793DC752BC5EDD /* Pods_GBShopTests.framework */; };
		E250272AB4681411EF38AEC1 /* Pods_GBShop_GBShopUITests.framework in Frameworks */ = {isa = PBXBuildFile; fileRef = 0A296522750E3ACE2BFBFB81 /* Pods_GBShop_GBShopUITests.framework */; };
/* End PBXBuildFile section */

/* Begin PBXContainerItemProxy section */
		491B35AB2997DB2400323789 /* PBXContainerItemProxy */ = {
			isa = PBXContainerItemProxy;
			containerPortal = 491B358C2997DB2300323789 /* Project object */;
			proxyType = 1;
			remoteGlobalIDString = 491B35932997DB2300323789;
			remoteInfo = GBShop;
		};
		491B35B52997DB2400323789 /* PBXContainerItemProxy */ = {
			isa = PBXContainerItemProxy;
			containerPortal = 491B358C2997DB2300323789 /* Project object */;
			proxyType = 1;
			remoteGlobalIDString = 491B35932997DB2300323789;
			remoteInfo = GBShop;
		};
/* End PBXContainerItemProxy section */

/* Begin PBXFileReference section */
		027FD96B06793DC752BC5EDD /* Pods_GBShopTests.framework */ = {isa = PBXFileReference; explicitFileType = wrapper.framework; includeInIndex = 0; path = Pods_GBShopTests.framework; sourceTree = BUILT_PRODUCTS_DIR; };
		0563C72501B79615C8EA1144 /* Pods-GBShopTests.debug.xcconfig */ = {isa = PBXFileReference; includeInIndex = 1; lastKnownFileType = text.xcconfig; name = "Pods-GBShopTests.debug.xcconfig"; path = "Target Support Files/Pods-GBShopTests/Pods-GBShopTests.debug.xcconfig"; sourceTree = "<group>"; };
		0A296522750E3ACE2BFBFB81 /* Pods_GBShop_GBShopUITests.framework */ = {isa = PBXFileReference; explicitFileType = wrapper.framework; includeInIndex = 0; path = Pods_GBShop_GBShopUITests.framework; sourceTree = BUILT_PRODUCTS_DIR; };
		483E4EE7D25BC0FE6F0606F9 /* Pods-GBShop-GBShopUITests.debug.xcconfig */ = {isa = PBXFileReference; includeInIndex = 1; lastKnownFileType = text.xcconfig; name = "Pods-GBShop-GBShopUITests.debug.xcconfig"; path = "Target Support Files/Pods-GBShop-GBShopUITests/Pods-GBShop-GBShopUITests.debug.xcconfig"; sourceTree = "<group>"; };
		4900A6BC29BAFF4000FFF9A8 /* InitialPresenter.swift */ = {isa = PBXFileReference; lastKnownFileType = sourcecode.swift; path = InitialPresenter.swift; sourceTree = "<group>"; };
		4900A6CA29BB138600FFF9A8 /* SignInTextField.swift */ = {isa = PBXFileReference; fileEncoding = 4; lastKnownFileType = sourcecode.swift; path = SignInTextField.swift; sourceTree = "<group>"; };
		4900A6CB29BB138600FFF9A8 /* WarningPaddingLabel.swift */ = {isa = PBXFileReference; fileEncoding = 4; lastKnownFileType = sourcecode.swift; path = WarningPaddingLabel.swift; sourceTree = "<group>"; };
		4900A6CC29BB138600FFF9A8 /* SignInViewController.swift */ = {isa = PBXFileReference; fileEncoding = 4; lastKnownFileType = sourcecode.swift; path = SignInViewController.swift; sourceTree = "<group>"; };
		4900A6D729BB1A7000FFF9A8 /* ModuleBuilder.swift */ = {isa = PBXFileReference; fileEncoding = 4; lastKnownFileType = sourcecode.swift; path = ModuleBuilder.swift; sourceTree = "<group>"; };
		4900A6DA29BB1ABF00FFF9A8 /* InitialViewController.swift */ = {isa = PBXFileReference; lastKnownFileType = sourcecode.swift; path = InitialViewController.swift; sourceTree = "<group>"; };
		4900A6DD29BB247800FFF9A8 /* AppCoordinator.swift */ = {isa = PBXFileReference; lastKnownFileType = sourcecode.swift; path = AppCoordinator.swift; sourceTree = "<group>"; };
		4900A6E429BB333400FFF9A8 /* KeyboardObserver.swift */ = {isa = PBXFileReference; lastKnownFileType = sourcecode.swift; path = KeyboardObserver.swift; sourceTree = "<group>"; };
		4900A6E729BB8ECF00FFF9A8 /* UserDefaultsLayer.swift */ = {isa = PBXFileReference; lastKnownFileType = sourcecode.swift; path = UserDefaultsLayer.swift; sourceTree = "<group>"; };
		491B35942997DB2300323789 /* GBShop.app */ = {isa = PBXFileReference; explicitFileType = wrapper.application; includeInIndex = 0; path = GBShop.app; sourceTree = BUILT_PRODUCTS_DIR; };
		491B35972997DB2300323789 /* AppDelegate.swift */ = {isa = PBXFileReference; lastKnownFileType = sourcecode.swift; path = AppDelegate.swift; sourceTree = "<group>"; };
		491B35992997DB2300323789 /* SceneDelegate.swift */ = {isa = PBXFileReference; lastKnownFileType = sourcecode.swift; path = SceneDelegate.swift; sourceTree = "<group>"; };
		491B35A02997DB2400323789 /* Assets.xcassets */ = {isa = PBXFileReference; lastKnownFileType = folder.assetcatalog; path = Assets.xcassets; sourceTree = "<group>"; };
		491B35A32997DB2400323789 /* Base */ = {isa = PBXFileReference; lastKnownFileType = file.storyboard; name = Base; path = Base.lproj/LaunchScreen.storyboard; sourceTree = "<group>"; };
		491B35A52997DB2400323789 /* Info.plist */ = {isa = PBXFileReference; lastKnownFileType = text.plist.xml; path = Info.plist; sourceTree = "<group>"; };
		491B35AA2997DB2400323789 /* GBShopTests.xctest */ = {isa = PBXFileReference; explicitFileType = wrapper.cfbundle; includeInIndex = 0; path = GBShopTests.xctest; sourceTree = BUILT_PRODUCTS_DIR; };
		491B35AE2997DB2400323789 /* SignInTests.swift */ = {isa = PBXFileReference; lastKnownFileType = sourcecode.swift; path = SignInTests.swift; sourceTree = "<group>"; };
		491B35B42997DB2400323789 /* GBShopUITests.xctest */ = {isa = PBXFileReference; explicitFileType = wrapper.cfbundle; includeInIndex = 0; path = GBShopUITests.xctest; sourceTree = BUILT_PRODUCTS_DIR; };
		491B35B82997DB2400323789 /* GBShopUITests.swift */ = {isa = PBXFileReference; lastKnownFileType = sourcecode.swift; path = GBShopUITests.swift; sourceTree = "<group>"; };
		491B35BA2997DB2400323789 /* GBShopUITestsLaunchTests.swift */ = {isa = PBXFileReference; lastKnownFileType = sourcecode.swift; path = GBShopUITestsLaunchTests.swift; sourceTree = "<group>"; };
		4928AD08299B493D00B665C8 /* LogoutResult.swift */ = {isa = PBXFileReference; lastKnownFileType = sourcecode.swift; path = LogoutResult.swift; sourceTree = "<group>"; };
		4928AD0A299B4A1500B665C8 /* LogoutRequestFactory.swift */ = {isa = PBXFileReference; lastKnownFileType = sourcecode.swift; path = LogoutRequestFactory.swift; sourceTree = "<group>"; };
		4928AD0C299B4B2B00B665C8 /* Logout.swift */ = {isa = PBXFileReference; lastKnownFileType = sourcecode.swift; path = Logout.swift; sourceTree = "<group>"; };
		4928AD0E299B4CA000B665C8 /* EditProfileResult.swift */ = {isa = PBXFileReference; lastKnownFileType = sourcecode.swift; path = EditProfileResult.swift; sourceTree = "<group>"; };
		4928AD12299B4CF700B665C8 /* ProfileRequestFactory.swift */ = {isa = PBXFileReference; lastKnownFileType = sourcecode.swift; path = ProfileRequestFactory.swift; sourceTree = "<group>"; };
		4928AD16299B502F00B665C8 /* Profile.swift */ = {isa = PBXFileReference; lastKnownFileType = sourcecode.swift; path = Profile.swift; sourceTree = "<group>"; };
		49437237299DF57F00AA85A3 /* ResponseCodableTests.swift */ = {isa = PBXFileReference; lastKnownFileType = sourcecode.swift; path = ResponseCodableTests.swift; sourceTree = "<group>"; };
		4955637C299A536F00A22FA4 /* AbstractErrorParser.swift */ = {isa = PBXFileReference; lastKnownFileType = sourcecode.swift; path = AbstractErrorParser.swift; sourceTree = "<group>"; };
		4955637E299A538900A22FA4 /* ErrorParser.swift */ = {isa = PBXFileReference; lastKnownFileType = sourcecode.swift; path = ErrorParser.swift; sourceTree = "<group>"; };
		49556380299A53C600A22FA4 /* DataRequest.swift */ = {isa = PBXFileReference; lastKnownFileType = sourcecode.swift; path = DataRequest.swift; sourceTree = "<group>"; };
		49556384299A5D7500A22FA4 /* AbstractRequestFactory.swift */ = {isa = PBXFileReference; lastKnownFileType = sourcecode.swift; path = AbstractRequestFactory.swift; sourceTree = "<group>"; };
		49556386299A5DAC00A22FA4 /* RequestRouter.swift */ = {isa = PBXFileReference; lastKnownFileType = sourcecode.swift; path = RequestRouter.swift; sourceTree = "<group>"; };
		4955638A299A60D300A22FA4 /* User.swift */ = {isa = PBXFileReference; lastKnownFileType = sourcecode.swift; path = User.swift; sourceTree = "<group>"; };
		4955638C299A614D00A22FA4 /* SignInResult.swift */ = {isa = PBXFileReference; lastKnownFileType = sourcecode.swift; path = SignInResult.swift; sourceTree = "<group>"; };
		49556397299A696900A22FA4 /* SignInRequestFactory.swift */ = {isa = PBXFileReference; lastKnownFileType = sourcecode.swift; path = SignInRequestFactory.swift; sourceTree = "<group>"; };
		49556399299A69B900A22FA4 /* SignIn.swift */ = {isa = PBXFileReference; lastKnownFileType = sourcecode.swift; path = SignIn.swift; sourceTree = "<group>"; };
		4955639B299A6A6A00A22FA4 /* RequestFactory.swift */ = {isa = PBXFileReference; lastKnownFileType = sourcecode.swift; path = RequestFactory.swift; sourceTree = "<group>"; };
		495EB6F529B7748800DF444E /* SignInPresenter.swift */ = {isa = PBXFileReference; lastKnownFileType = sourcecode.swift; path = SignInPresenter.swift; sourceTree = "<group>"; };
		495EB72029B9EDB200DF444E /* SignInViewController+UITextFieldDelegate.swift */ = {isa = PBXFileReference; lastKnownFileType = sourcecode.swift; path = "SignInViewController+UITextFieldDelegate.swift"; sourceTree = "<group>"; };
		4991448C29A1F2BA00969951 /* CatalogResult.swift */ = {isa = PBXFileReference; lastKnownFileType = sourcecode.swift; path = CatalogResult.swift; sourceTree = "<group>"; };
		4999124A299E14680034015A /* SignUpTests.swift */ = {isa = PBXFileReference; lastKnownFileType = sourcecode.swift; path = SignUpTests.swift; sourceTree = "<group>"; };
		4999124E299E18B90034015A /* LogoutTests.swift */ = {isa = PBXFileReference; lastKnownFileType = sourcecode.swift; path = LogoutTests.swift; sourceTree = "<group>"; };
		49991251299E19B20034015A /* EditProfileTests.swift */ = {isa = PBXFileReference; lastKnownFileType = sourcecode.swift; path = EditProfileTests.swift; sourceTree = "<group>"; };
		4999125F299E221C0034015A /* CatalogRequestFactory.swift */ = {isa = PBXFileReference; lastKnownFileType = sourcecode.swift; path = CatalogRequestFactory.swift; sourceTree = "<group>"; };
		49991261299E227C0034015A /* Catalog.swift */ = {isa = PBXFileReference; lastKnownFileType = sourcecode.swift; path = Catalog.swift; sourceTree = "<group>"; };
		49991263299E2DFC0034015A /* CatalogTests.swift */ = {isa = PBXFileReference; lastKnownFileType = sourcecode.swift; path = CatalogTests.swift; sourceTree = "<group>"; };
		49991265299E318A0034015A /* ProductResult.swift */ = {isa = PBXFileReference; lastKnownFileType = sourcecode.swift; path = ProductResult.swift; sourceTree = "<group>"; };
		49991269299E35B00034015A /* GetProductRequestFactory.swift */ = {isa = PBXFileReference; lastKnownFileType = sourcecode.swift; path = GetProductRequestFactory.swift; sourceTree = "<group>"; };
		4999126B299E36010034015A /* GetProduct.swift */ = {isa = PBXFileReference; lastKnownFileType = sourcecode.swift; path = GetProduct.swift; sourceTree = "<group>"; };
		4999126F299E38070034015A /* ProductTests.swift */ = {isa = PBXFileReference; lastKnownFileType = sourcecode.swift; path = ProductTests.swift; sourceTree = "<group>"; };
		49A24B6B29AF2742002E3B1A /* Gender.swift */ = {isa = PBXFileReference; lastKnownFileType = sourcecode.swift; path = Gender.swift; sourceTree = "<group>"; };
		49A24B6D29AF2CAA002E3B1A /* EditProfile.swift */ = {isa = PBXFileReference; lastKnownFileType = sourcecode.swift; path = EditProfile.swift; sourceTree = "<group>"; };
		49A24B7029AF34D7002E3B1A /* Reviews+Extensions.swift */ = {isa = PBXFileReference; lastKnownFileType = sourcecode.swift; path = "Reviews+Extensions.swift"; sourceTree = "<group>"; };
		49ADCC5629AF3B38001108DC /* SignUpUser.swift */ = {isa = PBXFileReference; lastKnownFileType = sourcecode.swift; path = SignUpUser.swift; sourceTree = "<group>"; };
		49ADCC5829AF3CE9001108DC /* DetailedProduct.swift */ = {isa = PBXFileReference; lastKnownFileType = sourcecode.swift; path = DetailedProduct.swift; sourceTree = "<group>"; };
		49ADCC5A29AF3D18001108DC /* Product.swift */ = {isa = PBXFileReference; lastKnownFileType = sourcecode.swift; path = Product.swift; sourceTree = "<group>"; };
		49ADCC5E29AFA11C001108DC /* AddProductResult.swift */ = {isa = PBXFileReference; lastKnownFileType = sourcecode.swift; path = AddProductResult.swift; sourceTree = "<group>"; };
		49ADCC6029AFA143001108DC /* RemoveProductResult.swift */ = {isa = PBXFileReference; lastKnownFileType = sourcecode.swift; path = RemoveProductResult.swift; sourceTree = "<group>"; };
		49ADCC6229AFA170001108DC /* PayBasketResult.swift */ = {isa = PBXFileReference; lastKnownFileType = sourcecode.swift; path = PayBasketResult.swift; sourceTree = "<group>"; };
		49ADCC6529AFA202001108DC /* BasketRequestFactory.swift */ = {isa = PBXFileReference; lastKnownFileType = sourcecode.swift; path = BasketRequestFactory.swift; sourceTree = "<group>"; };
		49ADCC6729AFA2C2001108DC /* Basket.swift */ = {isa = PBXFileReference; lastKnownFileType = sourcecode.swift; path = Basket.swift; sourceTree = "<group>"; };
		49ADCC6929AFA3DF001108DC /* Basket+Extensions.swift */ = {isa = PBXFileReference; lastKnownFileType = sourcecode.swift; path = "Basket+Extensions.swift"; sourceTree = "<group>"; };
		49ADCC6B29AFAD24001108DC /* AddProductTests.swift */ = {isa = PBXFileReference; lastKnownFileType = sourcecode.swift; path = AddProductTests.swift; sourceTree = "<group>"; };
		49ADCC6D29AFAEDB001108DC /* RemoveProductTests.swift */ = {isa = PBXFileReference; lastKnownFileType = sourcecode.swift; path = RemoveProductTests.swift; sourceTree = "<group>"; };
		49ADCC6F29AFAF91001108DC /* PayBasketTests.swift */ = {isa = PBXFileReference; lastKnownFileType = sourcecode.swift; path = PayBasketTests.swift; sourceTree = "<group>"; };
		49B77861299AA0F500597F11 /* UniqueID.swift */ = {isa = PBXFileReference; lastKnownFileType = sourcecode.swift; path = UniqueID.swift; sourceTree = "<group>"; };
		49B77867299AA5EF00597F11 /* SignUpResult.swift */ = {isa = PBXFileReference; lastKnownFileType = sourcecode.swift; path = SignUpResult.swift; sourceTree = "<group>"; };
		49B77879299AAA8F00597F11 /* SignUpRequestFactory.swift */ = {isa = PBXFileReference; lastKnownFileType = sourcecode.swift; path = SignUpRequestFactory.swift; sourceTree = "<group>"; };
		49B7787B299AAADA00597F11 /* SignUp.swift */ = {isa = PBXFileReference; lastKnownFileType = sourcecode.swift; path = SignUp.swift; sourceTree = "<group>"; };
		49D0285E29ABB14600715F08 /* Review.swift */ = {isa = PBXFileReference; lastKnownFileType = sourcecode.swift; path = Review.swift; sourceTree = "<group>"; };
		49D0286029ABB20600715F08 /* ReviewsResult.swift */ = {isa = PBXFileReference; lastKnownFileType = sourcecode.swift; path = ReviewsResult.swift; sourceTree = "<group>"; };
		49D0286329ABB30800715F08 /* ReviewsRequestFactory.swift */ = {isa = PBXFileReference; lastKnownFileType = sourcecode.swift; path = ReviewsRequestFactory.swift; sourceTree = "<group>"; };
		49D0286529ABB38B00715F08 /* Reviews.swift */ = {isa = PBXFileReference; lastKnownFileType = sourcecode.swift; path = Reviews.swift; sourceTree = "<group>"; };
		49D0286729AC7F3100715F08 /* AddReviewResult.swift */ = {isa = PBXFileReference; lastKnownFileType = sourcecode.swift; path = AddReviewResult.swift; sourceTree = "<group>"; };
		49D0287129AC86E900715F08 /* ApproveReviewResult.swift */ = {isa = PBXFileReference; lastKnownFileType = sourcecode.swift; path = ApproveReviewResult.swift; sourceTree = "<group>"; };
		49D0287D29AC89B200715F08 /* RemoveReviewResult.swift */ = {isa = PBXFileReference; lastKnownFileType = sourcecode.swift; path = RemoveReviewResult.swift; sourceTree = "<group>"; };
		49D0288929AC92B100715F08 /* ReviewsTests.swift */ = {isa = PBXFileReference; lastKnownFileType = sourcecode.swift; path = ReviewsTests.swift; sourceTree = "<group>"; };
		49D0288B29AC92DE00715F08 /* AddReviewTests.swift */ = {isa = PBXFileReference; lastKnownFileType = sourcecode.swift; path = AddReviewTests.swift; sourceTree = "<group>"; };
		49D0288D29AC957700715F08 /* ApproveReviewTests.swift */ = {isa = PBXFileReference; lastKnownFileType = sourcecode.swift; path = ApproveReviewTests.swift; sourceTree = "<group>"; };
		49D0288F29AC973900715F08 /* RemoveReviewTests.swift */ = {isa = PBXFileReference; lastKnownFileType = sourcecode.swift; path = RemoveReviewTests.swift; sourceTree = "<group>"; };
		49DC253429BB99D60095290D /* UserDataStorageService.swift */ = {isa = PBXFileReference; lastKnownFileType = sourcecode.swift; path = UserDataStorageService.swift; sourceTree = "<group>"; };
		4DEB6DE04907C8C8475F91E6 /* Pods-GBShopTests.release.xcconfig */ = {isa = PBXFileReference; includeInIndex = 1; lastKnownFileType = text.xcconfig; name = "Pods-GBShopTests.release.xcconfig"; path = "Target Support Files/Pods-GBShopTests/Pods-GBShopTests.release.xcconfig"; sourceTree = "<group>"; };
		651030857E73926EFCE8B55D /* Pods_GBShop.framework */ = {isa = PBXFileReference; explicitFileType = wrapper.framework; includeInIndex = 0; path = Pods_GBShop.framework; sourceTree = BUILT_PRODUCTS_DIR; };
		9A664AB45FB5413477C57005 /* Pods-GBShop.debug.xcconfig */ = {isa = PBXFileReference; includeInIndex = 1; lastKnownFileType = text.xcconfig; name = "Pods-GBShop.debug.xcconfig"; path = "Target Support Files/Pods-GBShop/Pods-GBShop.debug.xcconfig"; sourceTree = "<group>"; };
		CA9B546779F94BC2EA51C287 /* Pods-GBShop-GBShopUITests.release.xcconfig */ = {isa = PBXFileReference; includeInIndex = 1; lastKnownFileType = text.xcconfig; name = "Pods-GBShop-GBShopUITests.release.xcconfig"; path = "Target Support Files/Pods-GBShop-GBShopUITests/Pods-GBShop-GBShopUITests.release.xcconfig"; sourceTree = "<group>"; };
		FFEC5049A69C820FEC28F6C7 /* Pods-GBShop.release.xcconfig */ = {isa = PBXFileReference; includeInIndex = 1; lastKnownFileType = text.xcconfig; name = "Pods-GBShop.release.xcconfig"; path = "Target Support Files/Pods-GBShop/Pods-GBShop.release.xcconfig"; sourceTree = "<group>"; };
/* End PBXFileReference section */

/* Begin PBXFrameworksBuildPhase section */
		491B35912997DB2300323789 /* Frameworks */ = {
			isa = PBXFrameworksBuildPhase;
			buildActionMask = 2147483647;
			files = (
				D0ADFA0639C4A554631362D0 /* Pods_GBShop.framework in Frameworks */,
			);
			runOnlyForDeploymentPostprocessing = 0;
		};
		491B35A72997DB2400323789 /* Frameworks */ = {
			isa = PBXFrameworksBuildPhase;
			buildActionMask = 2147483647;
			files = (
				DA87668F219EDCEDE8B76805 /* Pods_GBShopTests.framework in Frameworks */,
			);
			runOnlyForDeploymentPostprocessing = 0;
		};
		491B35B12997DB2400323789 /* Frameworks */ = {
			isa = PBXFrameworksBuildPhase;
			buildActionMask = 2147483647;
			files = (
				E250272AB4681411EF38AEC1 /* Pods_GBShop_GBShopUITests.framework in Frameworks */,
			);
			runOnlyForDeploymentPostprocessing = 0;
		};
/* End PBXFrameworksBuildPhase section */

/* Begin PBXGroup section */
		4900A6B829BAFE9600FFF9A8 /* SignIn */ = {
			isa = PBXGroup;
			children = (
				4900A6C929BB138600FFF9A8 /* View */,
				495EB6F429B7745900DF444E /* Presenter */,
			);
			path = SignIn;
			sourceTree = "<group>";
		};
		4900A6BA29BAFF2500FFF9A8 /* Initial */ = {
			isa = PBXGroup;
			children = (
				4900A6D929BB1AB500FFF9A8 /* View */,
				4900A6BB29BAFF2B00FFF9A8 /* Presenter */,
			);
			path = Initial;
			sourceTree = "<group>";
		};
		4900A6BB29BAFF2B00FFF9A8 /* Presenter */ = {
			isa = PBXGroup;
			children = (
				4900A6BC29BAFF4000FFF9A8 /* InitialPresenter.swift */,
			);
			path = Presenter;
			sourceTree = "<group>";
		};
		4900A6C929BB138600FFF9A8 /* View */ = {
			isa = PBXGroup;
			children = (
				4900A6CA29BB138600FFF9A8 /* SignInTextField.swift */,
				4900A6CB29BB138600FFF9A8 /* WarningPaddingLabel.swift */,
				4900A6CC29BB138600FFF9A8 /* SignInViewController.swift */,
			);
			path = View;
			sourceTree = "<group>";
		};
		4900A6D529BB1A7000FFF9A8 /* Assembly */ = {
			isa = PBXGroup;
			children = (
				4900A6D629BB1A7000FFF9A8 /* ModuleBuilder */,
			);
			path = Assembly;
			sourceTree = "<group>";
		};
		4900A6D629BB1A7000FFF9A8 /* ModuleBuilder */ = {
			isa = PBXGroup;
			children = (
				4900A6D729BB1A7000FFF9A8 /* ModuleBuilder.swift */,
			);
			path = ModuleBuilder;
			sourceTree = "<group>";
		};
		4900A6D929BB1AB500FFF9A8 /* View */ = {
			isa = PBXGroup;
			children = (
				4900A6DA29BB1ABF00FFF9A8 /* InitialViewController.swift */,
			);
			path = View;
			sourceTree = "<group>";
		};
		4900A6DC29BB245600FFF9A8 /* Coordinators */ = {
			isa = PBXGroup;
			children = (
				4900A6DD29BB247800FFF9A8 /* AppCoordinator.swift */,
			);
			path = Coordinators;
			sourceTree = "<group>";
		};
		4900A6E329BB331E00FFF9A8 /* KeyboardObserver */ = {
			isa = PBXGroup;
			children = (
				4900A6E429BB333400FFF9A8 /* KeyboardObserver.swift */,
			);
			path = KeyboardObserver;
			sourceTree = "<group>";
		};
		4900A6E629BB8EBD00FFF9A8 /* LocalStorage */ = {
			isa = PBXGroup;
			children = (
				4900A6E729BB8ECF00FFF9A8 /* UserDefaultsLayer.swift */,
				49DC253429BB99D60095290D /* UserDataStorageService.swift */,
			);
			path = LocalStorage;
			sourceTree = "<group>";
		};
		491B358B2997DB2300323789 = {
			isa = PBXGroup;
			children = (
				491B35962997DB2300323789 /* GBShop */,
				491B35AD2997DB2400323789 /* GBShopTests */,
				491B35B72997DB2400323789 /* GBShopUITests */,
				491B35952997DB2300323789 /* Products */,
				F351701F64643EF08213C141 /* Pods */,
				FE6FD049E8DEFAA4F3D31931 /* Frameworks */,
			);
			sourceTree = "<group>";
		};
		491B35952997DB2300323789 /* Products */ = {
			isa = PBXGroup;
			children = (
				491B35942997DB2300323789 /* GBShop.app */,
				491B35AA2997DB2400323789 /* GBShopTests.xctest */,
				491B35B42997DB2400323789 /* GBShopUITests.xctest */,
			);
			name = Products;
			sourceTree = "<group>";
		};
		491B35962997DB2300323789 /* GBShop */ = {
			isa = PBXGroup;
			children = (
				491B35C72997F7C600323789 /* App */,
				491B35C82997F7CB00323789 /* Core */,
				491B35C92997F7D800323789 /* Resources */,
				491B35CA2997F7E900323789 /* Environments */,
			);
			path = GBShop;
			sourceTree = "<group>";
		};
		491B35AD2997DB2400323789 /* GBShopTests */ = {
			isa = PBXGroup;
			children = (
				49D0288B29AC92DE00715F08 /* AddReviewTests.swift */,
				49D0288D29AC957700715F08 /* ApproveReviewTests.swift */,
				491B35AE2997DB2400323789 /* SignInTests.swift */,
				49991263299E2DFC0034015A /* CatalogTests.swift */,
				49991251299E19B20034015A /* EditProfileTests.swift */,
				49D0288929AC92B100715F08 /* ReviewsTests.swift */,
				4999126F299E38070034015A /* ProductTests.swift */,
				4999124E299E18B90034015A /* LogoutTests.swift */,
				4999124A299E14680034015A /* SignUpTests.swift */,
				49D0288F29AC973900715F08 /* RemoveReviewTests.swift */,
				49437237299DF57F00AA85A3 /* ResponseCodableTests.swift */,
				49ADCC6B29AFAD24001108DC /* AddProductTests.swift */,
				49ADCC6D29AFAEDB001108DC /* RemoveProductTests.swift */,
				49ADCC6F29AFAF91001108DC /* PayBasketTests.swift */,
			);
			path = GBShopTests;
			sourceTree = "<group>";
		};
		491B35B72997DB2400323789 /* GBShopUITests */ = {
			isa = PBXGroup;
			children = (
				491B35B82997DB2400323789 /* GBShopUITests.swift */,
				491B35BA2997DB2400323789 /* GBShopUITestsLaunchTests.swift */,
			);
			path = GBShopUITests;
			sourceTree = "<group>";
		};
		491B35C72997F7C600323789 /* App */ = {
			isa = PBXGroup;
			children = (
				491B35CC2997F94C00323789 /* BusinessLogic */,
				491B35CD2997F95700323789 /* Entity */,
				4900A6D529BB1A7000FFF9A8 /* Assembly */,
				491B35CB2997F91B00323789 /* Flows */,
				491B35972997DB2300323789 /* AppDelegate.swift */,
				491B35992997DB2300323789 /* SceneDelegate.swift */,
			);
			path = App;
			sourceTree = "<group>";
		};
		491B35C82997F7CB00323789 /* Core */ = {
			isa = PBXGroup;
			children = (
				4900A6E629BB8EBD00FFF9A8 /* LocalStorage */,
				4900A6E329BB331E00FFF9A8 /* KeyboardObserver */,
				49A24B6F29AF34C3002E3B1A /* Extensions */,
				49B77860299AA0DC00597F11 /* UniqueID */,
				4955637B299A535C00A22FA4 /* Network */,
			);
			path = Core;
			sourceTree = "<group>";
		};
		491B35C92997F7D800323789 /* Resources */ = {
			isa = PBXGroup;
			children = (
				491B35A02997DB2400323789 /* Assets.xcassets */,
				491B35A22997DB2400323789 /* LaunchScreen.storyboard */,
			);
			path = Resources;
			sourceTree = "<group>";
		};
		491B35CA2997F7E900323789 /* Environments */ = {
			isa = PBXGroup;
			children = (
				491B35A52997DB2400323789 /* Info.plist */,
			);
			path = Environments;
			sourceTree = "<group>";
		};
		491B35CB2997F91B00323789 /* Flows */ = {
			isa = PBXGroup;
			children = (
				495EB6F329B7740F00DF444E /* SignInModule */,
			);
			path = Flows;
			sourceTree = "<group>";
		};
		491B35CC2997F94C00323789 /* BusinessLogic */ = {
			isa = PBXGroup;
			children = (
				4900A6DC29BB245600FFF9A8 /* Coordinators */,
				4955638E299A619500A22FA4 /* Network */,
			);
			path = BusinessLogic;
			sourceTree = "<group>";
		};
		491B35CD2997F95700323789 /* Entity */ = {
			isa = PBXGroup;
			children = (
				49991259299E20940034015A /* ResultsEntity */,
				49ADCC5829AF3CE9001108DC /* DetailedProduct.swift */,
				49A24B6D29AF2CAA002E3B1A /* EditProfile.swift */,
				49A24B6B29AF2742002E3B1A /* Gender.swift */,
				49ADCC5A29AF3D18001108DC /* Product.swift */,
				49D0285E29ABB14600715F08 /* Review.swift */,
				49ADCC5629AF3B38001108DC /* SignUpUser.swift */,
				4955638A299A60D300A22FA4 /* User.swift */,
			);
			path = Entity;
			sourceTree = "<group>";
		};
		4928AD07299B48D300B665C8 /* Logout */ = {
			isa = PBXGroup;
			children = (
				4928AD0C299B4B2B00B665C8 /* Logout.swift */,
				4928AD0A299B4A1500B665C8 /* LogoutRequestFactory.swift */,
			);
			path = Logout;
			sourceTree = "<group>";
		};
		4928AD10299B4CD800B665C8 /* Profile */ = {
			isa = PBXGroup;
			children = (
				4928AD16299B502F00B665C8 /* Profile.swift */,
				4928AD12299B4CF700B665C8 /* ProfileRequestFactory.swift */,
			);
			path = Profile;
			sourceTree = "<group>";
		};
		4955637B299A535C00A22FA4 /* Network */ = {
			isa = PBXGroup;
			children = (
				4955637C299A536F00A22FA4 /* AbstractErrorParser.swift */,
				49556384299A5D7500A22FA4 /* AbstractRequestFactory.swift */,
				49556380299A53C600A22FA4 /* DataRequest.swift */,
				4955637E299A538900A22FA4 /* ErrorParser.swift */,
				49556386299A5DAC00A22FA4 /* RequestRouter.swift */,
			);
			path = Network;
			sourceTree = "<group>";
		};
		4955638E299A619500A22FA4 /* Network */ = {
			isa = PBXGroup;
			children = (
				49ADCC6429AFA1F1001108DC /* Basket */,
				49B7785B299A9C7500597F11 /* Authorization */,
				4999125E299E21EE0034015A /* Catalog */,
				4928AD07299B48D300B665C8 /* Logout */,
				49991268299E35910034015A /* Product */,
				4928AD10299B4CD800B665C8 /* Profile */,
				49B77878299AAA8200597F11 /* Registration */,
				49D0286229ABB2D900715F08 /* Reviews */,
				4955639B299A6A6A00A22FA4 /* RequestFactory.swift */,
			);
			path = Network;
			sourceTree = "<group>";
		};
		495EB6F329B7740F00DF444E /* SignInModule */ = {
			isa = PBXGroup;
			children = (
				4900A6BA29BAFF2500FFF9A8 /* Initial */,
				4900A6B829BAFE9600FFF9A8 /* SignIn */,
			);
			path = SignInModule;
			sourceTree = "<group>";
		};
		495EB6F429B7745900DF444E /* Presenter */ = {
			isa = PBXGroup;
			children = (
				495EB6F529B7748800DF444E /* SignInPresenter.swift */,
			);
			path = Presenter;
			sourceTree = "<group>";
		};
		49991259299E20940034015A /* ResultsEntity */ = {
			isa = PBXGroup;
			children = (
				49D0286729AC7F3100715F08 /* AddReviewResult.swift */,
				49D0287129AC86E900715F08 /* ApproveReviewResult.swift */,
				4991448C29A1F2BA00969951 /* CatalogResult.swift */,
				4928AD0E299B4CA000B665C8 /* EditProfileResult.swift */,
				4928AD08299B493D00B665C8 /* LogoutResult.swift */,
				49991265299E318A0034015A /* ProductResult.swift */,
				49D0287D29AC89B200715F08 /* RemoveReviewResult.swift */,
				49D0286029ABB20600715F08 /* ReviewsResult.swift */,
				4955638C299A614D00A22FA4 /* SignInResult.swift */,
				49B77867299AA5EF00597F11 /* SignUpResult.swift */,
				49ADCC5E29AFA11C001108DC /* AddProductResult.swift */,
				49ADCC6029AFA143001108DC /* RemoveProductResult.swift */,
				49ADCC6229AFA170001108DC /* PayBasketResult.swift */,
			);
			path = ResultsEntity;
			sourceTree = "<group>";
		};
		4999125E299E21EE0034015A /* Catalog */ = {
			isa = PBXGroup;
			children = (
				49991261299E227C0034015A /* Catalog.swift */,
				4999125F299E221C0034015A /* CatalogRequestFactory.swift */,
			);
			path = Catalog;
			sourceTree = "<group>";
		};
		49991268299E35910034015A /* Product */ = {
			isa = PBXGroup;
			children = (
				4999126B299E36010034015A /* GetProduct.swift */,
				49991269299E35B00034015A /* GetProductRequestFactory.swift */,
			);
			path = Product;
			sourceTree = "<group>";
		};
		49A24B6F29AF34C3002E3B1A /* Extensions */ = {
			isa = PBXGroup;
			children = (
				49ADCC6929AFA3DF001108DC /* Basket+Extensions.swift */,
				49A24B7029AF34D7002E3B1A /* Reviews+Extensions.swift */,
				495EB72029B9EDB200DF444E /* SignInViewController+UITextFieldDelegate.swift */,
			);
			path = Extensions;
			sourceTree = "<group>";
		};
		49ADCC6429AFA1F1001108DC /* Basket */ = {
			isa = PBXGroup;
			children = (
				49ADCC6729AFA2C2001108DC /* Basket.swift */,
				49ADCC6529AFA202001108DC /* BasketRequestFactory.swift */,
			);
			path = Basket;
			sourceTree = "<group>";
		};
		49B7785B299A9C7500597F11 /* Authorization */ = {
			isa = PBXGroup;
			children = (
				49556399299A69B900A22FA4 /* SignIn.swift */,
				49556397299A696900A22FA4 /* SignInRequestFactory.swift */,
			);
			path = Authorization;
			sourceTree = "<group>";
		};
		49B77860299AA0DC00597F11 /* UniqueID */ = {
			isa = PBXGroup;
			children = (
				49B77861299AA0F500597F11 /* UniqueID.swift */,
			);
			path = UniqueID;
			sourceTree = "<group>";
		};
		49B77878299AAA8200597F11 /* Registration */ = {
			isa = PBXGroup;
			children = (
				49B7787B299AAADA00597F11 /* SignUp.swift */,
				49B77879299AAA8F00597F11 /* SignUpRequestFactory.swift */,
			);
			path = Registration;
			sourceTree = "<group>";
		};
		49D0286229ABB2D900715F08 /* Reviews */ = {
			isa = PBXGroup;
			children = (
				49D0286529ABB38B00715F08 /* Reviews.swift */,
				49D0286329ABB30800715F08 /* ReviewsRequestFactory.swift */,
			);
			path = Reviews;
			sourceTree = "<group>";
		};
		F351701F64643EF08213C141 /* Pods */ = {
			isa = PBXGroup;
			children = (
				9A664AB45FB5413477C57005 /* Pods-GBShop.debug.xcconfig */,
				FFEC5049A69C820FEC28F6C7 /* Pods-GBShop.release.xcconfig */,
				483E4EE7D25BC0FE6F0606F9 /* Pods-GBShop-GBShopUITests.debug.xcconfig */,
				CA9B546779F94BC2EA51C287 /* Pods-GBShop-GBShopUITests.release.xcconfig */,
				0563C72501B79615C8EA1144 /* Pods-GBShopTests.debug.xcconfig */,
				4DEB6DE04907C8C8475F91E6 /* Pods-GBShopTests.release.xcconfig */,
			);
			path = Pods;
			sourceTree = "<group>";
		};
		FE6FD049E8DEFAA4F3D31931 /* Frameworks */ = {
			isa = PBXGroup;
			children = (
				651030857E73926EFCE8B55D /* Pods_GBShop.framework */,
				0A296522750E3ACE2BFBFB81 /* Pods_GBShop_GBShopUITests.framework */,
				027FD96B06793DC752BC5EDD /* Pods_GBShopTests.framework */,
			);
			name = Frameworks;
			sourceTree = "<group>";
		};
/* End PBXGroup section */

/* Begin PBXNativeTarget section */
		491B35932997DB2300323789 /* GBShop */ = {
			isa = PBXNativeTarget;
			buildConfigurationList = 491B35BE2997DB2400323789 /* Build configuration list for PBXNativeTarget "GBShop" */;
			buildPhases = (
				D5A7687D633B8F8248738000 /* [CP] Check Pods Manifest.lock */,
				491B35902997DB2300323789 /* Sources */,
				491B35912997DB2300323789 /* Frameworks */,
				491B35922997DB2300323789 /* Resources */,
				3DAE171C6F4B47FD483A831F /* [CP] Embed Pods Frameworks */,
			);
			buildRules = (
			);
			dependencies = (
			);
			name = GBShop;
			productName = GBShop;
			productReference = 491B35942997DB2300323789 /* GBShop.app */;
			productType = "com.apple.product-type.application";
		};
		491B35A92997DB2400323789 /* GBShopTests */ = {
			isa = PBXNativeTarget;
			buildConfigurationList = 491B35C12997DB2400323789 /* Build configuration list for PBXNativeTarget "GBShopTests" */;
			buildPhases = (
				5DDB683CE3E64CC72A29F4FE /* [CP] Check Pods Manifest.lock */,
				491B35A62997DB2400323789 /* Sources */,
				491B35A72997DB2400323789 /* Frameworks */,
				491B35A82997DB2400323789 /* Resources */,
			);
			buildRules = (
			);
			dependencies = (
				491B35AC2997DB2400323789 /* PBXTargetDependency */,
			);
			name = GBShopTests;
			productName = GBShopTests;
			productReference = 491B35AA2997DB2400323789 /* GBShopTests.xctest */;
			productType = "com.apple.product-type.bundle.unit-test";
		};
		491B35B32997DB2400323789 /* GBShopUITests */ = {
			isa = PBXNativeTarget;
			buildConfigurationList = 491B35C42997DB2400323789 /* Build configuration list for PBXNativeTarget "GBShopUITests" */;
			buildPhases = (
				CB79E5B9B322D4A1F1638C13 /* [CP] Check Pods Manifest.lock */,
				491B35B02997DB2400323789 /* Sources */,
				491B35B12997DB2400323789 /* Frameworks */,
				491B35B22997DB2400323789 /* Resources */,
				799DD5096E6CF470FF5EBE64 /* [CP] Embed Pods Frameworks */,
			);
			buildRules = (
			);
			dependencies = (
				491B35B62997DB2400323789 /* PBXTargetDependency */,
			);
			name = GBShopUITests;
			productName = GBShopUITests;
			productReference = 491B35B42997DB2400323789 /* GBShopUITests.xctest */;
			productType = "com.apple.product-type.bundle.ui-testing";
		};
/* End PBXNativeTarget section */

/* Begin PBXProject section */
		491B358C2997DB2300323789 /* Project object */ = {
			isa = PBXProject;
			attributes = {
				BuildIndependentTargetsInParallel = 1;
				LastSwiftUpdateCheck = 1420;
				LastUpgradeCheck = 1420;
				TargetAttributes = {
					491B35932997DB2300323789 = {
						CreatedOnToolsVersion = 14.2;
					};
					491B35A92997DB2400323789 = {
						CreatedOnToolsVersion = 14.2;
						TestTargetID = 491B35932997DB2300323789;
					};
					491B35B32997DB2400323789 = {
						CreatedOnToolsVersion = 14.2;
						TestTargetID = 491B35932997DB2300323789;
					};
				};
			};
			buildConfigurationList = 491B358F2997DB2300323789 /* Build configuration list for PBXProject "GBShop" */;
			compatibilityVersion = "Xcode 14.0";
			developmentRegion = en;
			hasScannedForEncodings = 0;
			knownRegions = (
				en,
				Base,
			);
			mainGroup = 491B358B2997DB2300323789;
			productRefGroup = 491B35952997DB2300323789 /* Products */;
			projectDirPath = "";
			projectRoot = "";
			targets = (
				491B35932997DB2300323789 /* GBShop */,
				491B35A92997DB2400323789 /* GBShopTests */,
				491B35B32997DB2400323789 /* GBShopUITests */,
			);
		};
/* End PBXProject section */

/* Begin PBXResourcesBuildPhase section */
		491B35922997DB2300323789 /* Resources */ = {
			isa = PBXResourcesBuildPhase;
			buildActionMask = 2147483647;
			files = (
				491B35A42997DB2400323789 /* LaunchScreen.storyboard in Resources */,
				491B35A12997DB2400323789 /* Assets.xcassets in Resources */,
			);
			runOnlyForDeploymentPostprocessing = 0;
		};
		491B35A82997DB2400323789 /* Resources */ = {
			isa = PBXResourcesBuildPhase;
			buildActionMask = 2147483647;
			files = (
			);
			runOnlyForDeploymentPostprocessing = 0;
		};
		491B35B22997DB2400323789 /* Resources */ = {
			isa = PBXResourcesBuildPhase;
			buildActionMask = 2147483647;
			files = (
			);
			runOnlyForDeploymentPostprocessing = 0;
		};
/* End PBXResourcesBuildPhase section */

/* Begin PBXShellScriptBuildPhase section */
		3DAE171C6F4B47FD483A831F /* [CP] Embed Pods Frameworks */ = {
			isa = PBXShellScriptBuildPhase;
			buildActionMask = 2147483647;
			files = (
			);
			inputFileListPaths = (
				"${PODS_ROOT}/Target Support Files/Pods-GBShop/Pods-GBShop-frameworks-${CONFIGURATION}-input-files.xcfilelist",
			);
			name = "[CP] Embed Pods Frameworks";
			outputFileListPaths = (
				"${PODS_ROOT}/Target Support Files/Pods-GBShop/Pods-GBShop-frameworks-${CONFIGURATION}-output-files.xcfilelist",
			);
			runOnlyForDeploymentPostprocessing = 0;
			shellPath = /bin/sh;
			shellScript = "\"${PODS_ROOT}/Target Support Files/Pods-GBShop/Pods-GBShop-frameworks.sh\"\n";
			showEnvVarsInLog = 0;
		};
		5DDB683CE3E64CC72A29F4FE /* [CP] Check Pods Manifest.lock */ = {
			isa = PBXShellScriptBuildPhase;
			buildActionMask = 2147483647;
			files = (
			);
			inputFileListPaths = (
			);
			inputPaths = (
				"${PODS_PODFILE_DIR_PATH}/Podfile.lock",
				"${PODS_ROOT}/Manifest.lock",
			);
			name = "[CP] Check Pods Manifest.lock";
			outputFileListPaths = (
			);
			outputPaths = (
				"$(DERIVED_FILE_DIR)/Pods-GBShopTests-checkManifestLockResult.txt",
			);
			runOnlyForDeploymentPostprocessing = 0;
			shellPath = /bin/sh;
			shellScript = "diff \"${PODS_PODFILE_DIR_PATH}/Podfile.lock\" \"${PODS_ROOT}/Manifest.lock\" > /dev/null\nif [ $? != 0 ] ; then\n    # print error to STDERR\n    echo \"error: The sandbox is not in sync with the Podfile.lock. Run 'pod install' or update your CocoaPods installation.\" >&2\n    exit 1\nfi\n# This output is used by Xcode 'outputs' to avoid re-running this script phase.\necho \"SUCCESS\" > \"${SCRIPT_OUTPUT_FILE_0}\"\n";
			showEnvVarsInLog = 0;
		};
		799DD5096E6CF470FF5EBE64 /* [CP] Embed Pods Frameworks */ = {
			isa = PBXShellScriptBuildPhase;
			buildActionMask = 2147483647;
			files = (
			);
			inputFileListPaths = (
				"${PODS_ROOT}/Target Support Files/Pods-GBShop-GBShopUITests/Pods-GBShop-GBShopUITests-frameworks-${CONFIGURATION}-input-files.xcfilelist",
			);
			name = "[CP] Embed Pods Frameworks";
			outputFileListPaths = (
				"${PODS_ROOT}/Target Support Files/Pods-GBShop-GBShopUITests/Pods-GBShop-GBShopUITests-frameworks-${CONFIGURATION}-output-files.xcfilelist",
			);
			runOnlyForDeploymentPostprocessing = 0;
			shellPath = /bin/sh;
			shellScript = "\"${PODS_ROOT}/Target Support Files/Pods-GBShop-GBShopUITests/Pods-GBShop-GBShopUITests-frameworks.sh\"\n";
			showEnvVarsInLog = 0;
		};
		CB79E5B9B322D4A1F1638C13 /* [CP] Check Pods Manifest.lock */ = {
			isa = PBXShellScriptBuildPhase;
			buildActionMask = 2147483647;
			files = (
			);
			inputFileListPaths = (
			);
			inputPaths = (
				"${PODS_PODFILE_DIR_PATH}/Podfile.lock",
				"${PODS_ROOT}/Manifest.lock",
			);
			name = "[CP] Check Pods Manifest.lock";
			outputFileListPaths = (
			);
			outputPaths = (
				"$(DERIVED_FILE_DIR)/Pods-GBShop-GBShopUITests-checkManifestLockResult.txt",
			);
			runOnlyForDeploymentPostprocessing = 0;
			shellPath = /bin/sh;
			shellScript = "diff \"${PODS_PODFILE_DIR_PATH}/Podfile.lock\" \"${PODS_ROOT}/Manifest.lock\" > /dev/null\nif [ $? != 0 ] ; then\n    # print error to STDERR\n    echo \"error: The sandbox is not in sync with the Podfile.lock. Run 'pod install' or update your CocoaPods installation.\" >&2\n    exit 1\nfi\n# This output is used by Xcode 'outputs' to avoid re-running this script phase.\necho \"SUCCESS\" > \"${SCRIPT_OUTPUT_FILE_0}\"\n";
			showEnvVarsInLog = 0;
		};
		D5A7687D633B8F8248738000 /* [CP] Check Pods Manifest.lock */ = {
			isa = PBXShellScriptBuildPhase;
			buildActionMask = 2147483647;
			files = (
			);
			inputFileListPaths = (
			);
			inputPaths = (
				"${PODS_PODFILE_DIR_PATH}/Podfile.lock",
				"${PODS_ROOT}/Manifest.lock",
			);
			name = "[CP] Check Pods Manifest.lock";
			outputFileListPaths = (
			);
			outputPaths = (
				"$(DERIVED_FILE_DIR)/Pods-GBShop-checkManifestLockResult.txt",
			);
			runOnlyForDeploymentPostprocessing = 0;
			shellPath = /bin/sh;
			shellScript = "diff \"${PODS_PODFILE_DIR_PATH}/Podfile.lock\" \"${PODS_ROOT}/Manifest.lock\" > /dev/null\nif [ $? != 0 ] ; then\n    # print error to STDERR\n    echo \"error: The sandbox is not in sync with the Podfile.lock. Run 'pod install' or update your CocoaPods installation.\" >&2\n    exit 1\nfi\n# This output is used by Xcode 'outputs' to avoid re-running this script phase.\necho \"SUCCESS\" > \"${SCRIPT_OUTPUT_FILE_0}\"\n";
			showEnvVarsInLog = 0;
		};
/* End PBXShellScriptBuildPhase section */

/* Begin PBXSourcesBuildPhase section */
		491B35902997DB2300323789 /* Sources */ = {
			isa = PBXSourcesBuildPhase;
			buildActionMask = 2147483647;
			files = (
				49DC253529BB99D60095290D /* UserDataStorageService.swift in Sources */,
				49ADCC5729AF3B38001108DC /* SignUpUser.swift in Sources */,
				4928AD09299B493D00B665C8 /* LogoutResult.swift in Sources */,
				49556398299A696900A22FA4 /* SignInRequestFactory.swift in Sources */,
				49991266299E318A0034015A /* ProductResult.swift in Sources */,
				49556387299A5DAC00A22FA4 /* RequestRouter.swift in Sources */,
				49D0286829AC7F3100715F08 /* AddReviewResult.swift in Sources */,
				49ADCC6129AFA143001108DC /* RemoveProductResult.swift in Sources */,
				49ADCC6A29AFA3DF001108DC /* Basket+Extensions.swift in Sources */,
				49556385299A5D7500A22FA4 /* AbstractRequestFactory.swift in Sources */,
				49D0285F29ABB14600715F08 /* Review.swift in Sources */,
				49ADCC6329AFA170001108DC /* PayBasketResult.swift in Sources */,
				4900A6D829BB1A7000FFF9A8 /* ModuleBuilder.swift in Sources */,
				4955639C299A6A6A00A22FA4 /* RequestFactory.swift in Sources */,
				49ADCC5929AF3CE9001108DC /* DetailedProduct.swift in Sources */,
				49D0286129ABB20600715F08 /* ReviewsResult.swift in Sources */,
				4900A6DE29BB247800FFF9A8 /* AppCoordinator.swift in Sources */,
				4900A6DB29BB1ABF00FFF9A8 /* InitialViewController.swift in Sources */,
				4900A6BD29BAFF4000FFF9A8 /* InitialPresenter.swift in Sources */,
				4955638D299A614D00A22FA4 /* SignInResult.swift in Sources */,
				4955637F299A538900A22FA4 /* ErrorParser.swift in Sources */,
				4900A6E529BB333400FFF9A8 /* KeyboardObserver.swift in Sources */,
				4928AD0F299B4CA000B665C8 /* EditProfileResult.swift in Sources */,
				49B77868299AA5EF00597F11 /* SignUpResult.swift in Sources */,
				49D0287229AC86E900715F08 /* ApproveReviewResult.swift in Sources */,
				495EB72129B9EDB200DF444E /* SignInViewController+UITextFieldDelegate.swift in Sources */,
				491B35982997DB2300323789 /* AppDelegate.swift in Sources */,
				49A24B6E29AF2CAA002E3B1A /* EditProfile.swift in Sources */,
				4928AD0B299B4A1500B665C8 /* LogoutRequestFactory.swift in Sources */,
				49ADCC6829AFA2C2001108DC /* Basket.swift in Sources */,
				49D0286629ABB38B00715F08 /* Reviews.swift in Sources */,
				4900A6CF29BB138600FFF9A8 /* SignInViewController.swift in Sources */,
				49ADCC5F29AFA11C001108DC /* AddProductResult.swift in Sources */,
				49991260299E221C0034015A /* CatalogRequestFactory.swift in Sources */,
				49B77862299AA0F500597F11 /* UniqueID.swift in Sources */,
				4955638B299A60D300A22FA4 /* User.swift in Sources */,
				49A24B6C29AF2742002E3B1A /* Gender.swift in Sources */,
				49ADCC6629AFA202001108DC /* BasketRequestFactory.swift in Sources */,
				4928AD0D299B4B2B00B665C8 /* Logout.swift in Sources */,
				49B7787C299AAADA00597F11 /* SignUp.swift in Sources */,
				4928AD13299B4CF700B665C8 /* ProfileRequestFactory.swift in Sources */,
				4991448D29A1F2BA00969951 /* CatalogResult.swift in Sources */,
				4928AD17299B502F00B665C8 /* Profile.swift in Sources */,
				4999126C299E36010034015A /* GetProduct.swift in Sources */,
				4999126A299E35B00034015A /* GetProductRequestFactory.swift in Sources */,
				49556381299A53C600A22FA4 /* DataRequest.swift in Sources */,
				495EB6F629B7748800DF444E /* SignInPresenter.swift in Sources */,
				4900A6CD29BB138600FFF9A8 /* SignInTextField.swift in Sources */,
				491B359A2997DB2300323789 /* SceneDelegate.swift in Sources */,
				49D0287E29AC89B200715F08 /* RemoveReviewResult.swift in Sources */,
				4955637D299A536F00A22FA4 /* AbstractErrorParser.swift in Sources */,
				4900A6E829BB8ECF00FFF9A8 /* UserDefaultsLayer.swift in Sources */,
				49D0286429ABB30800715F08 /* ReviewsRequestFactory.swift in Sources */,
				49B7787A299AAA8F00597F11 /* SignUpRequestFactory.swift in Sources */,
				4955639A299A69B900A22FA4 /* SignIn.swift in Sources */,
				49A24B7129AF34D7002E3B1A /* Reviews+Extensions.swift in Sources */,
				4900A6CE29BB138600FFF9A8 /* WarningPaddingLabel.swift in Sources */,
				49991262299E227C0034015A /* Catalog.swift in Sources */,
				49ADCC5B29AF3D18001108DC /* Product.swift in Sources */,
			);
			runOnlyForDeploymentPostprocessing = 0;
		};
		491B35A62997DB2400323789 /* Sources */ = {
			isa = PBXSourcesBuildPhase;
			buildActionMask = 2147483647;
			files = (
				49D0288A29AC92B100715F08 /* ReviewsTests.swift in Sources */,
				49ADCC6C29AFAD24001108DC /* AddProductTests.swift in Sources */,
				49991270299E38070034015A /* ProductTests.swift in Sources */,
				49ADCC6E29AFAEDB001108DC /* RemoveProductTests.swift in Sources */,
				49D0289029AC973900715F08 /* RemoveReviewTests.swift in Sources */,
				49991252299E19B20034015A /* EditProfileTests.swift in Sources */,
				49D0288E29AC957700715F08 /* ApproveReviewTests.swift in Sources */,
				4999124B299E14680034015A /* SignUpTests.swift in Sources */,
				4999124F299E18B90034015A /* LogoutTests.swift in Sources */,
				491B35AF2997DB2400323789 /* SignInTests.swift in Sources */,
				49ADCC7029AFAF91001108DC /* PayBasketTests.swift in Sources */,
				49D0288C29AC92DE00715F08 /* AddReviewTests.swift in Sources */,
				49991264299E2DFC0034015A /* CatalogTests.swift in Sources */,
				49437238299DF57F00AA85A3 /* ResponseCodableTests.swift in Sources */,
			);
			runOnlyForDeploymentPostprocessing = 0;
		};
		491B35B02997DB2400323789 /* Sources */ = {
			isa = PBXSourcesBuildPhase;
			buildActionMask = 2147483647;
			files = (
				491B35B92997DB2400323789 /* GBShopUITests.swift in Sources */,
				491B35BB2997DB2400323789 /* GBShopUITestsLaunchTests.swift in Sources */,
			);
			runOnlyForDeploymentPostprocessing = 0;
		};
/* End PBXSourcesBuildPhase section */

/* Begin PBXTargetDependency section */
		491B35AC2997DB2400323789 /* PBXTargetDependency */ = {
			isa = PBXTargetDependency;
			target = 491B35932997DB2300323789 /* GBShop */;
			targetProxy = 491B35AB2997DB2400323789 /* PBXContainerItemProxy */;
		};
		491B35B62997DB2400323789 /* PBXTargetDependency */ = {
			isa = PBXTargetDependency;
			target = 491B35932997DB2300323789 /* GBShop */;
			targetProxy = 491B35B52997DB2400323789 /* PBXContainerItemProxy */;
		};
/* End PBXTargetDependency section */

/* Begin PBXVariantGroup section */
		491B35A22997DB2400323789 /* LaunchScreen.storyboard */ = {
			isa = PBXVariantGroup;
			children = (
				491B35A32997DB2400323789 /* Base */,
			);
			name = LaunchScreen.storyboard;
			sourceTree = "<group>";
		};
/* End PBXVariantGroup section */

/* Begin XCBuildConfiguration section */
		491B35BC2997DB2400323789 /* Debug */ = {
			isa = XCBuildConfiguration;
			buildSettings = {
				ALWAYS_SEARCH_USER_PATHS = NO;
				CLANG_ANALYZER_NONNULL = YES;
				CLANG_ANALYZER_NUMBER_OBJECT_CONVERSION = YES_AGGRESSIVE;
				CLANG_CXX_LANGUAGE_STANDARD = "gnu++20";
				CLANG_ENABLE_MODULES = YES;
				CLANG_ENABLE_OBJC_ARC = YES;
				CLANG_ENABLE_OBJC_WEAK = YES;
				CLANG_WARN_BLOCK_CAPTURE_AUTORELEASING = YES;
				CLANG_WARN_BOOL_CONVERSION = YES;
				CLANG_WARN_COMMA = YES;
				CLANG_WARN_CONSTANT_CONVERSION = YES;
				CLANG_WARN_DEPRECATED_OBJC_IMPLEMENTATIONS = YES;
				CLANG_WARN_DIRECT_OBJC_ISA_USAGE = YES_ERROR;
				CLANG_WARN_DOCUMENTATION_COMMENTS = YES;
				CLANG_WARN_EMPTY_BODY = YES;
				CLANG_WARN_ENUM_CONVERSION = YES;
				CLANG_WARN_INFINITE_RECURSION = YES;
				CLANG_WARN_INT_CONVERSION = YES;
				CLANG_WARN_NON_LITERAL_NULL_CONVERSION = YES;
				CLANG_WARN_OBJC_IMPLICIT_RETAIN_SELF = YES;
				CLANG_WARN_OBJC_LITERAL_CONVERSION = YES;
				CLANG_WARN_OBJC_ROOT_CLASS = YES_ERROR;
				CLANG_WARN_QUOTED_INCLUDE_IN_FRAMEWORK_HEADER = YES;
				CLANG_WARN_RANGE_LOOP_ANALYSIS = YES;
				CLANG_WARN_STRICT_PROTOTYPES = YES;
				CLANG_WARN_SUSPICIOUS_MOVE = YES;
				CLANG_WARN_UNGUARDED_AVAILABILITY = YES_AGGRESSIVE;
				CLANG_WARN_UNREACHABLE_CODE = YES;
				CLANG_WARN__DUPLICATE_METHOD_MATCH = YES;
				COPY_PHASE_STRIP = NO;
				DEBUG_INFORMATION_FORMAT = dwarf;
				ENABLE_STRICT_OBJC_MSGSEND = YES;
				ENABLE_TESTABILITY = YES;
				GCC_C_LANGUAGE_STANDARD = gnu11;
				GCC_DYNAMIC_NO_PIC = NO;
				GCC_NO_COMMON_BLOCKS = YES;
				GCC_OPTIMIZATION_LEVEL = 0;
				GCC_PREPROCESSOR_DEFINITIONS = (
					"DEBUG=1",
					"$(inherited)",
				);
				GCC_WARN_64_TO_32_BIT_CONVERSION = YES;
				GCC_WARN_ABOUT_RETURN_TYPE = YES_ERROR;
				GCC_WARN_UNDECLARED_SELECTOR = YES;
				GCC_WARN_UNINITIALIZED_AUTOS = YES_AGGRESSIVE;
				GCC_WARN_UNUSED_FUNCTION = YES;
				GCC_WARN_UNUSED_VARIABLE = YES;
				IPHONEOS_DEPLOYMENT_TARGET = 15.0;
				MTL_ENABLE_DEBUG_INFO = INCLUDE_SOURCE;
				MTL_FAST_MATH = YES;
				ONLY_ACTIVE_ARCH = YES;
				SDKROOT = iphoneos;
				SWIFT_ACTIVE_COMPILATION_CONDITIONS = DEBUG;
				SWIFT_OPTIMIZATION_LEVEL = "-Onone";
			};
			name = Debug;
		};
		491B35BD2997DB2400323789 /* Release */ = {
			isa = XCBuildConfiguration;
			buildSettings = {
				ALWAYS_SEARCH_USER_PATHS = NO;
				CLANG_ANALYZER_NONNULL = YES;
				CLANG_ANALYZER_NUMBER_OBJECT_CONVERSION = YES_AGGRESSIVE;
				CLANG_CXX_LANGUAGE_STANDARD = "gnu++20";
				CLANG_ENABLE_MODULES = YES;
				CLANG_ENABLE_OBJC_ARC = YES;
				CLANG_ENABLE_OBJC_WEAK = YES;
				CLANG_WARN_BLOCK_CAPTURE_AUTORELEASING = YES;
				CLANG_WARN_BOOL_CONVERSION = YES;
				CLANG_WARN_COMMA = YES;
				CLANG_WARN_CONSTANT_CONVERSION = YES;
				CLANG_WARN_DEPRECATED_OBJC_IMPLEMENTATIONS = YES;
				CLANG_WARN_DIRECT_OBJC_ISA_USAGE = YES_ERROR;
				CLANG_WARN_DOCUMENTATION_COMMENTS = YES;
				CLANG_WARN_EMPTY_BODY = YES;
				CLANG_WARN_ENUM_CONVERSION = YES;
				CLANG_WARN_INFINITE_RECURSION = YES;
				CLANG_WARN_INT_CONVERSION = YES;
				CLANG_WARN_NON_LITERAL_NULL_CONVERSION = YES;
				CLANG_WARN_OBJC_IMPLICIT_RETAIN_SELF = YES;
				CLANG_WARN_OBJC_LITERAL_CONVERSION = YES;
				CLANG_WARN_OBJC_ROOT_CLASS = YES_ERROR;
				CLANG_WARN_QUOTED_INCLUDE_IN_FRAMEWORK_HEADER = YES;
				CLANG_WARN_RANGE_LOOP_ANALYSIS = YES;
				CLANG_WARN_STRICT_PROTOTYPES = YES;
				CLANG_WARN_SUSPICIOUS_MOVE = YES;
				CLANG_WARN_UNGUARDED_AVAILABILITY = YES_AGGRESSIVE;
				CLANG_WARN_UNREACHABLE_CODE = YES;
				CLANG_WARN__DUPLICATE_METHOD_MATCH = YES;
				COPY_PHASE_STRIP = NO;
				DEBUG_INFORMATION_FORMAT = "dwarf-with-dsym";
				ENABLE_NS_ASSERTIONS = NO;
				ENABLE_STRICT_OBJC_MSGSEND = YES;
				GCC_C_LANGUAGE_STANDARD = gnu11;
				GCC_NO_COMMON_BLOCKS = YES;
				GCC_WARN_64_TO_32_BIT_CONVERSION = YES;
				GCC_WARN_ABOUT_RETURN_TYPE = YES_ERROR;
				GCC_WARN_UNDECLARED_SELECTOR = YES;
				GCC_WARN_UNINITIALIZED_AUTOS = YES_AGGRESSIVE;
				GCC_WARN_UNUSED_FUNCTION = YES;
				GCC_WARN_UNUSED_VARIABLE = YES;
				IPHONEOS_DEPLOYMENT_TARGET = 15.0;
				MTL_ENABLE_DEBUG_INFO = NO;
				MTL_FAST_MATH = YES;
				SDKROOT = iphoneos;
				SWIFT_COMPILATION_MODE = wholemodule;
				SWIFT_OPTIMIZATION_LEVEL = "-O";
				VALIDATE_PRODUCT = YES;
			};
			name = Release;
		};
		491B35BF2997DB2400323789 /* Debug */ = {
			isa = XCBuildConfiguration;
			baseConfigurationReference = 9A664AB45FB5413477C57005 /* Pods-GBShop.debug.xcconfig */;
			buildSettings = {
				ASSETCATALOG_COMPILER_APPICON_NAME = AppIcon;
				ASSETCATALOG_COMPILER_GLOBAL_ACCENT_COLOR_NAME = AccentColor;
				CODE_SIGN_STYLE = Automatic;
				CURRENT_PROJECT_VERSION = 1;
				DEVELOPMENT_TEAM = 277JX9R2RP;
				GENERATE_INFOPLIST_FILE = YES;
				INFOPLIST_FILE = GBShop/Environments/Info.plist;
				INFOPLIST_KEY_CFBundleDisplayName = GBShop;
				INFOPLIST_KEY_LSApplicationCategoryType = "public.app-category.shopping";
				INFOPLIST_KEY_UIApplicationSupportsIndirectInputEvents = YES;
				INFOPLIST_KEY_UILaunchStoryboardName = LaunchScreen;
				INFOPLIST_KEY_UIMainStoryboardFile = "";
				INFOPLIST_KEY_UISupportedInterfaceOrientations = UIInterfaceOrientationPortrait;
				INFOPLIST_KEY_UISupportedInterfaceOrientations_iPad = "UIInterfaceOrientationPortrait UIInterfaceOrientationPortraitUpsideDown";
				IPHONEOS_DEPLOYMENT_TARGET = 15.0;
				LD_RUNPATH_SEARCH_PATHS = (
					"$(inherited)",
					"@executable_path/Frameworks",
				);
				MARKETING_VERSION = 1.0;
				PRODUCT_BUNDLE_IDENTIFIER = "Mayer-Inc.GBShop";
				PRODUCT_NAME = "$(TARGET_NAME)";
				SUPPORTED_PLATFORMS = "iphoneos iphonesimulator";
				SUPPORTS_MACCATALYST = NO;
				SUPPORTS_MAC_DESIGNED_FOR_IPHONE_IPAD = YES;
				SWIFT_EMIT_LOC_STRINGS = YES;
				SWIFT_VERSION = 5.0;
				TARGETED_DEVICE_FAMILY = "1,2";
			};
			name = Debug;
		};
		491B35C02997DB2400323789 /* Release */ = {
			isa = XCBuildConfiguration;
			baseConfigurationReference = FFEC5049A69C820FEC28F6C7 /* Pods-GBShop.release.xcconfig */;
			buildSettings = {
				ASSETCATALOG_COMPILER_APPICON_NAME = AppIcon;
				ASSETCATALOG_COMPILER_GLOBAL_ACCENT_COLOR_NAME = AccentColor;
				CODE_SIGN_STYLE = Automatic;
				CURRENT_PROJECT_VERSION = 1;
				DEVELOPMENT_TEAM = 277JX9R2RP;
				GENERATE_INFOPLIST_FILE = YES;
				INFOPLIST_FILE = GBShop/Environments/Info.plist;
				INFOPLIST_KEY_CFBundleDisplayName = GBShop;
				INFOPLIST_KEY_LSApplicationCategoryType = "public.app-category.shopping";
				INFOPLIST_KEY_UIApplicationSupportsIndirectInputEvents = YES;
				INFOPLIST_KEY_UILaunchStoryboardName = LaunchScreen;
				INFOPLIST_KEY_UIMainStoryboardFile = "";
				INFOPLIST_KEY_UISupportedInterfaceOrientations = UIInterfaceOrientationPortrait;
				INFOPLIST_KEY_UISupportedInterfaceOrientations_iPad = "UIInterfaceOrientationPortrait UIInterfaceOrientationPortraitUpsideDown";
				IPHONEOS_DEPLOYMENT_TARGET = 15.0;
				LD_RUNPATH_SEARCH_PATHS = (
					"$(inherited)",
					"@executable_path/Frameworks",
				);
				MARKETING_VERSION = 1.0;
				PRODUCT_BUNDLE_IDENTIFIER = "Mayer-Inc.GBShop";
				PRODUCT_NAME = "$(TARGET_NAME)";
				SUPPORTED_PLATFORMS = "iphoneos iphonesimulator";
				SUPPORTS_MACCATALYST = NO;
				SUPPORTS_MAC_DESIGNED_FOR_IPHONE_IPAD = YES;
				SWIFT_EMIT_LOC_STRINGS = YES;
				SWIFT_VERSION = 5.0;
				TARGETED_DEVICE_FAMILY = "1,2";
			};
			name = Release;
		};
		491B35C22997DB2400323789 /* Debug */ = {
			isa = XCBuildConfiguration;
			baseConfigurationReference = 0563C72501B79615C8EA1144 /* Pods-GBShopTests.debug.xcconfig */;
			buildSettings = {
				ALWAYS_EMBED_SWIFT_STANDARD_LIBRARIES = YES;
				BUNDLE_LOADER = "$(TEST_HOST)";
				CODE_SIGN_STYLE = Automatic;
				CURRENT_PROJECT_VERSION = 1;
				DEVELOPMENT_TEAM = 277JX9R2RP;
				GENERATE_INFOPLIST_FILE = YES;
				IPHONEOS_DEPLOYMENT_TARGET = 15.0;
				MARKETING_VERSION = 1.0;
				PRODUCT_BUNDLE_IDENTIFIER = "Mayer-Inc.GBShopTests";
				PRODUCT_NAME = "$(TARGET_NAME)";
				SWIFT_EMIT_LOC_STRINGS = NO;
				SWIFT_VERSION = 5.0;
				TARGETED_DEVICE_FAMILY = "1,2";
				TEST_HOST = "$(BUILT_PRODUCTS_DIR)/GBShop.app/$(BUNDLE_EXECUTABLE_FOLDER_PATH)/GBShop";
			};
			name = Debug;
		};
		491B35C32997DB2400323789 /* Release */ = {
			isa = XCBuildConfiguration;
			baseConfigurationReference = 4DEB6DE04907C8C8475F91E6 /* Pods-GBShopTests.release.xcconfig */;
			buildSettings = {
				ALWAYS_EMBED_SWIFT_STANDARD_LIBRARIES = YES;
				BUNDLE_LOADER = "$(TEST_HOST)";
				CODE_SIGN_STYLE = Automatic;
				CURRENT_PROJECT_VERSION = 1;
				DEVELOPMENT_TEAM = 277JX9R2RP;
				GENERATE_INFOPLIST_FILE = YES;
				IPHONEOS_DEPLOYMENT_TARGET = 15.0;
				MARKETING_VERSION = 1.0;
				PRODUCT_BUNDLE_IDENTIFIER = "Mayer-Inc.GBShopTests";
				PRODUCT_NAME = "$(TARGET_NAME)";
				SWIFT_EMIT_LOC_STRINGS = NO;
				SWIFT_VERSION = 5.0;
				TARGETED_DEVICE_FAMILY = "1,2";
				TEST_HOST = "$(BUILT_PRODUCTS_DIR)/GBShop.app/$(BUNDLE_EXECUTABLE_FOLDER_PATH)/GBShop";
			};
			name = Release;
		};
		491B35C52997DB2400323789 /* Debug */ = {
			isa = XCBuildConfiguration;
			baseConfigurationReference = 483E4EE7D25BC0FE6F0606F9 /* Pods-GBShop-GBShopUITests.debug.xcconfig */;
			buildSettings = {
				ALWAYS_EMBED_SWIFT_STANDARD_LIBRARIES = YES;
				CODE_SIGN_STYLE = Automatic;
				CURRENT_PROJECT_VERSION = 1;
				DEVELOPMENT_TEAM = 277JX9R2RP;
				GENERATE_INFOPLIST_FILE = YES;
				IPHONEOS_DEPLOYMENT_TARGET = 15.0;
				MARKETING_VERSION = 1.0;
				PRODUCT_BUNDLE_IDENTIFIER = "Mayer-Inc.GBShopUITests";
				PRODUCT_NAME = "$(TARGET_NAME)";
				SWIFT_EMIT_LOC_STRINGS = NO;
				SWIFT_VERSION = 5.0;
				TARGETED_DEVICE_FAMILY = "1,2";
				TEST_TARGET_NAME = GBShop;
			};
			name = Debug;
		};
		491B35C62997DB2400323789 /* Release */ = {
			isa = XCBuildConfiguration;
			baseConfigurationReference = CA9B546779F94BC2EA51C287 /* Pods-GBShop-GBShopUITests.release.xcconfig */;
			buildSettings = {
				ALWAYS_EMBED_SWIFT_STANDARD_LIBRARIES = YES;
				CODE_SIGN_STYLE = Automatic;
				CURRENT_PROJECT_VERSION = 1;
				DEVELOPMENT_TEAM = 277JX9R2RP;
				GENERATE_INFOPLIST_FILE = YES;
				IPHONEOS_DEPLOYMENT_TARGET = 15.0;
				MARKETING_VERSION = 1.0;
				PRODUCT_BUNDLE_IDENTIFIER = "Mayer-Inc.GBShopUITests";
				PRODUCT_NAME = "$(TARGET_NAME)";
				SWIFT_EMIT_LOC_STRINGS = NO;
				SWIFT_VERSION = 5.0;
				TARGETED_DEVICE_FAMILY = "1,2";
				TEST_TARGET_NAME = GBShop;
			};
			name = Release;
		};
/* End XCBuildConfiguration section */

/* Begin XCConfigurationList section */
		491B358F2997DB2300323789 /* Build configuration list for PBXProject "GBShop" */ = {
			isa = XCConfigurationList;
			buildConfigurations = (
				491B35BC2997DB2400323789 /* Debug */,
				491B35BD2997DB2400323789 /* Release */,
			);
			defaultConfigurationIsVisible = 0;
			defaultConfigurationName = Release;
		};
		491B35BE2997DB2400323789 /* Build configuration list for PBXNativeTarget "GBShop" */ = {
			isa = XCConfigurationList;
			buildConfigurations = (
				491B35BF2997DB2400323789 /* Debug */,
				491B35C02997DB2400323789 /* Release */,
			);
			defaultConfigurationIsVisible = 0;
			defaultConfigurationName = Release;
		};
		491B35C12997DB2400323789 /* Build configuration list for PBXNativeTarget "GBShopTests" */ = {
			isa = XCConfigurationList;
			buildConfigurations = (
				491B35C22997DB2400323789 /* Debug */,
				491B35C32997DB2400323789 /* Release */,
			);
			defaultConfigurationIsVisible = 0;
			defaultConfigurationName = Release;
		};
		491B35C42997DB2400323789 /* Build configuration list for PBXNativeTarget "GBShopUITests" */ = {
			isa = XCConfigurationList;
			buildConfigurations = (
				491B35C52997DB2400323789 /* Debug */,
				491B35C62997DB2400323789 /* Release */,
			);
			defaultConfigurationIsVisible = 0;
			defaultConfigurationName = Release;
		};
/* End XCConfigurationList section */
	};
	rootObject = 491B358C2997DB2300323789 /* Project object */;
}
